
Microsoft Visual Studio Solution File, Format Version 12.00
# Visual Studio Version 16
VisualStudioVersion = 16.0.30114.105
MinimumVisualStudioVersion = 10.0.40219.1
Project("{FAE04EC0-301F-11D3-BF4B-00C04F79EFBC}") = "OAuth", "OAuth\OAuth.csproj", "{809500A1-389C-4944-A51E-8EBB2C1CD30D}"
EndProject
Global
	GlobalSection(SolutionConfigurationPlatforms) = preSolution
		Debug|Any CPU = Debug|Any CPU
		Release|Any CPU = Release|Any CPU
	EndGlobalSection
	GlobalSection(ProjectConfigurationPlatforms) = postSolution
		{809500A1-389C-4944-A51E-8EBB2C1CD30D}.Debug|Any CPU.ActiveCfg = Debug|Any CPU
		{809500A1-389C-4944-A51E-8EBB2C1CD30D}.Debug|Any CPU.Build.0 = Debug|Any CPU
		{809500A1-389C-4944-A51E-8EBB2C1CD30D}.Release|Any CPU.ActiveCfg = Release|Any CPU
		{809500A1-389C-4944-A51E-8EBB2C1CD30D}.Release|Any CPU.Build.0 = Release|Any CPU
	EndGlobalSection
	GlobalSection(SolutionProperties) = preSolution
		HideSolutionNode = FALSE
	EndGlobalSection
	GlobalSection(ExtensibilityGlobals) = postSolution
		SolutionGuid = {5D26D3F9-647F-4B10-AE2A-24370541CAA7}
	EndGlobalSection
EndGlobal
